
Microsoft Visual Studio Solution File, Format Version 12.00
# Visual Studio Version 16
VisualStudioVersion = 16.0.28922.388
MinimumVisualStudioVersion = 10.0.40219.1
Project("{FAE04EC0-301F-11D3-BF4B-00C04F79EFBC}") = "Exp10", "Exp10\Exp10.csproj", "{090F3385-C9F5-4B83-BA3B-22C6AE2DD1ED}"
EndProject
Global
	GlobalSection(SolutionConfigurationPlatforms) = preSolution
		Debug|Any CPU = Debug|Any CPU
		Release|Any CPU = Release|Any CPU
	EndGlobalSection
	GlobalSection(ProjectConfigurationPlatforms) = postSolution
		{090F3385-C9F5-4B83-BA3B-22C6AE2DD1ED}.Debug|Any CPU.ActiveCfg = Debug|Any CPU
		{090F3385-C9F5-4B83-BA3B-22C6AE2DD1ED}.Debug|Any CPU.Build.0 = Debug|Any CPU
		{090F3385-C9F5-4B83-BA3B-22C6AE2DD1ED}.Release|Any CPU.ActiveCfg = Release|Any CPU
		{090F3385-C9F5-4B83-BA3B-22C6AE2DD1ED}.Release|Any CPU.Build.0 = Release|Any CPU
	EndGlobalSection
	GlobalSection(SolutionProperties) = preSolution
		HideSolutionNode = FALSE
	EndGlobalSection
	GlobalSection(ExtensibilityGlobals) = postSolution
		SolutionGuid = {EA06663A-B8AD-4AA9-B5BC-0427D2DF88C1}
	EndGlobalSection
EndGlobal
