
Microsoft Visual Studio Solution File, Format Version 12.00
# Visual Studio Version 16
VisualStudioVersion = 16.0.28922.388
MinimumVisualStudioVersion = 10.0.40219.1
Project("{FAE04EC0-301F-11D3-BF4B-00C04F79EFBC}") = "Expr11", "Expr11\Expr11.csproj", "{0716867A-FD0B-4630-B7CE-A8837EEA74E0}"
EndProject
Global
	GlobalSection(SolutionConfigurationPlatforms) = preSolution
		Debug|Any CPU = Debug|Any CPU
		Release|Any CPU = Release|Any CPU
	EndGlobalSection
	GlobalSection(ProjectConfigurationPlatforms) = postSolution
		{0716867A-FD0B-4630-B7CE-A8837EEA74E0}.Debug|Any CPU.ActiveCfg = Debug|Any CPU
		{0716867A-FD0B-4630-B7CE-A8837EEA74E0}.Debug|Any CPU.Build.0 = Debug|Any CPU
		{0716867A-FD0B-4630-B7CE-A8837EEA74E0}.Release|Any CPU.ActiveCfg = Release|Any CPU
		{0716867A-FD0B-4630-B7CE-A8837EEA74E0}.Release|Any CPU.Build.0 = Release|Any CPU
	EndGlobalSection
	GlobalSection(SolutionProperties) = preSolution
		HideSolutionNode = FALSE
	EndGlobalSection
	GlobalSection(ExtensibilityGlobals) = postSolution
		SolutionGuid = {918417C0-DC47-41E4-A4AE-B07C0255B0AF}
	EndGlobalSection
EndGlobal
